// !$*UTF8*$!
{
	archiveVersion = 1;
	classes = {
	};
	objectVersion = 46;
	objects = {

/* Begin PBXBuildFile section */
		84CF696E1F38D37500161ACB /* AppDelegate.swift in Sources */ = {isa = PBXBuildFile; fileRef = 84CF696D1F38D37500161ACB /* AppDelegate.swift */; };
		84CF69701F38D37500161ACB /* Tela1ViewController.swift in Sources */ = {isa = PBXBuildFile; fileRef = 84CF696F1F38D37500161ACB /* Tela1ViewController.swift */; };
		84CF69731F38D37500161ACB /* Main.storyboard in Resources */ = {isa = PBXBuildFile; fileRef = 84CF69711F38D37500161ACB /* Main.storyboard */; };
		84CF69751F38D37500161ACB /* Assets.xcassets in Resources */ = {isa = PBXBuildFile; fileRef = 84CF69741F38D37500161ACB /* Assets.xcassets */; };
		84CF69781F38D37500161ACB /* LaunchScreen.storyboard in Resources */ = {isa = PBXBuildFile; fileRef = 84CF69761F38D37500161ACB /* LaunchScreen.storyboard */; };
		84CF69801F38D5B700161ACB /* OLD.swift in Sources */ = {isa = PBXBuildFile; fileRef = 84CF697F1F38D5B700161ACB /* OLD.swift */; };
		84CF69821F38DDBE00161ACB /* Tela2ViewController.swift in Sources */ = {isa = PBXBuildFile; fileRef = 84CF69811F38DDBE00161ACB /* Tela2ViewController.swift */; };
/* End PBXBuildFile section */

/* Begin PBXFileReference section */
		84CF696A1F38D37400161ACB /* Janela.app */ = {isa = PBXFileReference; explicitFileType = wrapper.application; includeInIndex = 0; path = Janela.app; sourceTree = BUILT_PRODUCTS_DIR; };
		84CF696D1F38D37500161ACB /* AppDelegate.swift */ = {isa = PBXFileReference; lastKnownFileType = sourcecode.swift; path = AppDelegate.swift; sourceTree = "<group>"; };
		84CF696F1F38D37500161ACB /* Tela1ViewController.swift */ = {isa = PBXFileReference; lastKnownFileType = sourcecode.swift; path = Tela1ViewController.swift; sourceTree = "<group>"; };
		84CF69721F38D37500161ACB /* Base */ = {isa = PBXFileReference; lastKnownFileType = file.storyboard; name = Base; path = Base.lproj/Main.storyboard; sourceTree = "<group>"; };
		84CF69741F38D37500161ACB /* Assets.xcassets */ = {isa = PBXFileReference; lastKnownFileType = folder.assetcatalog; path = Assets.xcassets; sourceTree = "<group>"; };
		84CF69771F38D37500161ACB /* Base */ = {isa = PBXFileReference; lastKnownFileType = file.storyboard; name = Base; path = Base.lproj/LaunchScreen.storyboard; sourceTree = "<group>"; };
		84CF69791F38D37500161ACB /* Info.plist */ = {isa = PBXFileReference; lastKnownFileType = text.plist.xml; path = Info.plist; sourceTree = "<group>"; };
		84CF697F1F38D5B700161ACB /* OLD.swift */ = {isa = PBXFileReference; fileEncoding = 4; lastKnownFileType = sourcecode.swift; path = OLD.swift; sourceTree = "<group>"; };
		84CF69811F38DDBE00161ACB /* Tela2ViewController.swift */ = {isa = PBXFileReference; fileEncoding = 4; lastKnownFileType = sourcecode.swift; path = Tela2ViewController.swift; sourceTree = "<group>"; };
/* End PBXFileReference section */

/* Begin PBXFrameworksBuildPhase section */
		84CF69671F38D37400161ACB /* Frameworks */ = {
			isa = PBXFrameworksBuildPhase;
			buildActionMask = 2147483647;
			files = (
			);
			runOnlyForDeploymentPostprocessing = 0;
		};
/* End PBXFrameworksBuildPhase section */

/* Begin PBXGroup section */
		84CF69611F38D37400161ACB = {
			isa = PBXGroup;
			children = (
				84CF696C1F38D37400161ACB /* Janela */,
				84CF696B1F38D37400161ACB /* Products */,
			);
			sourceTree = "<group>";
		};
		84CF696B1F38D37400161ACB /* Products */ = {
			isa = PBXGroup;
			children = (
				84CF696A1F38D37400161ACB /* Janela.app */,
			);
			name = Products;
			sourceTree = "<group>";
		};
		84CF696C1F38D37400161ACB /* Janela */ = {
			isa = PBXGroup;
			children = (
				84CF696D1F38D37500161ACB /* AppDelegate.swift */,
				84CF696F1F38D37500161ACB /* Tela1ViewController.swift */,
				84CF69711F38D37500161ACB /* Main.storyboard */,
				84CF69741F38D37500161ACB /* Assets.xcassets */,
				84CF69761F38D37500161ACB /* LaunchScreen.storyboard */,
				84CF69791F38D37500161ACB /* Info.plist */,
				84CF697F1F38D5B700161ACB /* OLD.swift */,
				84CF69811F38DDBE00161ACB /* Tela2ViewController.swift */,
			);
			path = Janela;
			sourceTree = "<group>";
		};
/* End PBXGroup section */

/* Begin PBXNativeTarget section */
		84CF69691F38D37400161ACB /* Janela */ = {
			isa = PBXNativeTarget;
			buildConfigurationList = 84CF697C1F38D37500161ACB /* Build configuration list for PBXNativeTarget "Janela" */;
			buildPhases = (
				84CF69661F38D37400161ACB /* Sources */,
				84CF69671F38D37400161ACB /* Frameworks */,
				84CF69681F38D37400161ACB /* Resources */,
			);
			buildRules = (
			);
			dependencies = (
			);
			name = Janela;
			productName = Janela;
			productReference = 84CF696A1F38D37400161ACB /* Janela.app */;
			productType = "com.apple.product-type.application";
		};
/* End PBXNativeTarget section */

/* Begin PBXProject section */
		84CF69621F38D37400161ACB /* Project object */ = {
			isa = PBXProject;
			attributes = {
				LastSwiftUpdateCheck = 0820;
				LastUpgradeCheck = 0820;
				ORGANIZATIONNAME = IFPB;
				TargetAttributes = {
					84CF69691F38D37400161ACB = {
						CreatedOnToolsVersion = 8.2.1;
						ProvisioningStyle = Automatic;
					};
				};
			};
			buildConfigurationList = 84CF69651F38D37400161ACB /* Build configuration list for PBXProject "Janela" */;
			compatibilityVersion = "Xcode 3.2";
			developmentRegion = English;
			hasScannedForEncodings = 0;
			knownRegions = (
				en,
				Base,
			);
			mainGroup = 84CF69611F38D37400161ACB;
			productRefGroup = 84CF696B1F38D37400161ACB /* Products */;
			projectDirPath = "";
			projectRoot = "";
			targets = (
				84CF69691F38D37400161ACB /* Janela */,
			);
		};
/* End PBXProject section */

/* Begin PBXResourcesBuildPhase section */
		84CF69681F38D37400161ACB /* Resources */ = {
			isa = PBXResourcesBuildPhase;
			buildActionMask = 2147483647;
			files = (
				84CF69781F38D37500161ACB /* LaunchScreen.storyboard in Resources */,
				84CF69751F38D37500161ACB /* Assets.xcassets in Resources */,
				84CF69731F38D37500161ACB /* Main.storyboard in Resources */,
			);
			runOnlyForDeploymentPostprocessing = 0;
		};
/* End PBXResourcesBuildPhase section */

/* Begin PBXSourcesBuildPhase section */
		84CF69661F38D37400161ACB /* Sources */ = {
			isa = PBXSourcesBuildPhase;
			buildActionMask = 2147483647;
			files = (
				84CF69701F38D37500161ACB /* Tela1ViewController.swift in Sources */,
				84CF696E1F38D37500161ACB /* AppDelegate.swift in Sources */,
				84CF69801F38D5B700161ACB /* OLD.swift in Sources */,
				84CF69821F38DDBE00161ACB /* Tela2ViewController.swift in Sources */,
			);
			runOnlyForDeploymentPostprocessing = 0;
		};
/* End PBXSourcesBuildPhase section */

/* Begin PBXVariantGroup section */
		84CF69711F38D37500161ACB /* Main.storyboard */ = {
			isa = PBXVariantGroup;
			children = (
				84CF69721F38D37500161ACB /* Base */,
			);
			name = Main.storyboard;
			sourceTree = "<group>";
		};
		84CF69761F38D37500161ACB /* LaunchScreen.storyboard */ = {
			isa = PBXVariantGroup;
			children = (
				84CF69771F38D37500161ACB /* Base */,
			);
			name = LaunchScreen.storyboard;
			sourceTree = "<group>";
		};
/* End PBXVariantGroup section */

/* Begin XCBuildConfiguration section */
		84CF697A1F38D37500161ACB /* Debug */ = {
			isa = XCBuildConfiguration;
			buildSettings = {
				ALWAYS_SEARCH_USER_PATHS = NO;
				CLANG_ANALYZER_NONNULL = YES;
				CLANG_CXX_LANGUAGE_STANDARD = "gnu++0x";
				CLANG_CXX_LIBRARY = "libc++";
				CLANG_ENABLE_MODULES = YES;
				CLANG_ENABLE_OBJC_ARC = YES;
				CLANG_WARN_BOOL_CONVERSION = YES;
				CLANG_WARN_CONSTANT_CONVERSION = YES;
				CLANG_WARN_DIRECT_OBJC_ISA_USAGE = YES_ERROR;
				CLANG_WARN_DOCUMENTATION_COMMENTS = YES;
				CLANG_WARN_EMPTY_BODY = YES;
				CLANG_WARN_ENUM_CONVERSION = YES;
				CLANG_WARN_INFINITE_RECURSION = YES;
				CLANG_WARN_INT_CONVERSION = YES;
				CLANG_WARN_OBJC_ROOT_CLASS = YES_ERROR;
				CLANG_WARN_SUSPICIOUS_MOVE = YES;
				CLANG_WARN_UNREACHABLE_CODE = YES;
				CLANG_WARN__DUPLICATE_METHOD_MATCH = YES;
				"CODE_SIGN_IDENTITY[sdk=iphoneos*]" = "iPhone Developer";
				COPY_PHASE_STRIP = NO;
				DEBUG_INFORMATION_FORMAT = dwarf;
				ENABLE_STRICT_OBJC_MSGSEND = YES;
				ENABLE_TESTABILITY = YES;
				GCC_C_LANGUAGE_STANDARD = gnu99;
				GCC_DYNAMIC_NO_PIC = NO;
				GCC_NO_COMMON_BLOCKS = YES;
				GCC_OPTIMIZATION_LEVEL = 0;
				GCC_PREPROCESSOR_DEFINITIONS = (
					"DEBUG=1",
					"$(inherited)",
				);
				GCC_WARN_64_TO_32_BIT_CONVERSION = YES;
				GCC_WARN_ABOUT_RETURN_TYPE = YES_ERROR;
				GCC_WARN_UNDECLARED_SELECTOR = YES;
				GCC_WARN_UNINITIALIZED_AUTOS = YES_AGGRESSIVE;
				GCC_WARN_UNUSED_FUNCTION = YES;
				GCC_WARN_UNUSED_VARIABLE = YES;
				IPHONEOS_DEPLOYMENT_TARGET = 10.2;
				MTL_ENABLE_DEBUG_INFO = YES;
				ONLY_ACTIVE_ARCH = YES;
				SDKROOT = iphoneos;
				SWIFT_ACTIVE_COMPILATION_CONDITIONS = DEBUG;
				SWIFT_OPTIMIZATION_LEVEL = "-Onone";
			};
			name = Debug;
		};
		84CF697B1F38D37500161ACB /* Release */ = {
			isa = XCBuildConfiguration;
			buildSettings = {
				ALWAYS_SEARCH_USER_PATHS = NO;
				CLANG_ANALYZER_NONNULL = YES;
				CLANG_CXX_LANGUAGE_STANDARD = "gnu++0x";
				CLANG_CXX_LIBRARY = "libc++";
				CLANG_ENABLE_MODULES = YES;
				CLANG_ENABLE_OBJC_ARC = YES;
				CLANG_WARN_BOOL_CONVERSION = YES;
				CLANG_WARN_CONSTANT_CONVERSION = YES;
				CLANG_WARN_DIRECT_OBJC_ISA_USAGE = YES_ERROR;
				CLANG_WARN_DOCUMENTATION_COMMENTS = YES;
				CLANG_WARN_EMPTY_BODY = YES;
				CLANG_WARN_ENUM_CONVERSION = YES;
				CLANG_WARN_INFINITE_RECURSION = YES;
				CLANG_WARN_INT_CONVERSION = YES;
				CLANG_WARN_OBJC_ROOT_CLASS = YES_ERROR;
				CLANG_WARN_SUSPICIOUS_MOVE = YES;
				CLANG_WARN_UNREACHABLE_CODE = YES;
				CLANG_WARN__DUPLICATE_METHOD_MATCH = YES;
				"CODE_SIGN_IDENTITY[sdk=iphoneos*]" = "iPhone Developer";
				COPY_PHASE_STRIP = NO;
				DEBUG_INFORMATION_FORMAT = "dwarf-with-dsym";
				ENABLE_NS_ASSERTIONS = NO;
				ENABLE_STRICT_OBJC_MSGSEND = YES;
				GCC_C_LANGUAGE_STANDARD = gnu99;
				GCC_NO_COMMON_BLOCKS = YES;
				GCC_WARN_64_TO_32_BIT_CONVERSION = YES;
				GCC_WARN_ABOUT_RETURN_TYPE = YES_ERROR;
				GCC_WARN_UNDECLARED_SELECTOR = YES;
				GCC_WARN_UNINITIALIZED_AUTOS = YES_AGGRESSIVE;
				GCC_WARN_UNUSED_FUNCTION = YES;
				GCC_WARN_UNUSED_VARIABLE = YES;
				IPHONEOS_DEPLOYMENT_TARGET = 10.2;
				MTL_ENABLE_DEBUG_INFO = NO;
				SDKROOT = iphoneos;
				SWIFT_OPTIMIZATION_LEVEL = "-Owholemodule";
				VALIDATE_PRODUCT = YES;
			};
			name = Release;
		};
		84CF697D1F38D37500161ACB /* Debug */ = {
			isa = XCBuildConfiguration;
			buildSettings = {
				ASSETCATALOG_COMPILER_APPICON_NAME = AppIcon;
				INFOPLIST_FILE = Janela/Info.plist;
				LD_RUNPATH_SEARCH_PATHS = "$(inherited) @executable_path/Frameworks";
				PRODUCT_BUNDLE_IDENTIFIER = br.edu.ifpb.si.pdm.Janela;
				PRODUCT_NAME = "$(TARGET_NAME)";
				SWIFT_VERSION = 3.0;
			};
			name = Debug;
		};
		84CF697E1F38D37500161ACB /* Release */ = {
			isa = XCBuildConfiguration;
			buildSettings = {
				ASSETCATALOG_COMPILER_APPICON_NAME = AppIcon;
				INFOPLIST_FILE = Janela/Info.plist;
				LD_RUNPATH_SEARCH_PATHS = "$(inherited) @executable_path/Frameworks";
				PRODUCT_BUNDLE_IDENTIFIER = br.edu.ifpb.si.pdm.Janela;
				PRODUCT_NAME = "$(TARGET_NAME)";
				SWIFT_VERSION = 3.0;
			};
			name = Release;
		};
/* End XCBuildConfiguration section */

/* Begin XCConfigurationList section */
		84CF69651F38D37400161ACB /* Build configuration list for PBXProject "Janela" */ = {
			isa = XCConfigurationList;
			buildConfigurations = (
				84CF697A1F38D37500161ACB /* Debug */,
				84CF697B1F38D37500161ACB /* Release */,
			);
			defaultConfigurationIsVisible = 0;
			defaultConfigurationName = Release;
		};
		84CF697C1F38D37500161ACB /* Build configuration list for PBXNativeTarget "Janela" */ = {
			isa = XCConfigurationList;
			buildConfigurations = (
				84CF697D1F38D37500161ACB /* Debug */,
				84CF697E1F38D37500161ACB /* Release */,
			);
			defaultConfigurationIsVisible = 0;
		};
/* End XCConfigurationList section */
	};
	rootObject = 84CF69621F38D37400161ACB /* Project object */;
}
