// !$*UTF8*$!
{
	archiveVersion = 1;
	classes = {
	};
	objectVersion = 46;
	objects = {

/* Begin PBXBuildFile section */
		8424B7331F23BB6E003D57D8 /* AppDelegate.swift in Sources */ = {isa = PBXBuildFile; fileRef = 8424B7321F23BB6E003D57D8 /* AppDelegate.swift */; };
		8424B7351F23BB6E003D57D8 /* MainViewController.swift in Sources */ = {isa = PBXBuildFile; fileRef = 8424B7341F23BB6E003D57D8 /* MainViewController.swift */; };
		8424B7381F23BB6E003D57D8 /* Main.storyboard in Resources */ = {isa = PBXBuildFile; fileRef = 8424B7361F23BB6E003D57D8 /* Main.storyboard */; };
		8424B73A1F23BB6E003D57D8 /* Assets.xcassets in Resources */ = {isa = PBXBuildFile; fileRef = 8424B7391F23BB6E003D57D8 /* Assets.xcassets */; };
		8424B73D1F23BB6E003D57D8 /* LaunchScreen.storyboard in Resources */ = {isa = PBXBuildFile; fileRef = 8424B73B1F23BB6E003D57D8 /* LaunchScreen.storyboard */; };
/* End PBXBuildFile section */

/* Begin PBXFileReference section */
		8424B72F1F23BB6E003D57D8 /* Que Bom.app */ = {isa = PBXFileReference; explicitFileType = wrapper.application; includeInIndex = 0; path = "Que Bom.app"; sourceTree = BUILT_PRODUCTS_DIR; };
		8424B7321F23BB6E003D57D8 /* AppDelegate.swift */ = {isa = PBXFileReference; lastKnownFileType = sourcecode.swift; path = AppDelegate.swift; sourceTree = "<group>"; };
		8424B7341F23BB6E003D57D8 /* MainViewController.swift */ = {isa = PBXFileReference; lastKnownFileType = sourcecode.swift; path = MainViewController.swift; sourceTree = "<group>"; };
		8424B7371F23BB6E003D57D8 /* Base */ = {isa = PBXFileReference; lastKnownFileType = file.storyboard; name = Base; path = Base.lproj/Main.storyboard; sourceTree = "<group>"; };
		8424B7391F23BB6E003D57D8 /* Assets.xcassets */ = {isa = PBXFileReference; lastKnownFileType = folder.assetcatalog; path = Assets.xcassets; sourceTree = "<group>"; };
		8424B73C1F23BB6E003D57D8 /* Base */ = {isa = PBXFileReference; lastKnownFileType = file.storyboard; name = Base; path = Base.lproj/LaunchScreen.storyboard; sourceTree = "<group>"; };
		8424B73E1F23BB6E003D57D8 /* Info.plist */ = {isa = PBXFileReference; lastKnownFileType = text.plist.xml; path = Info.plist; sourceTree = "<group>"; };
/* End PBXFileReference section */

/* Begin PBXFrameworksBuildPhase section */
		8424B72C1F23BB6E003D57D8 /* Frameworks */ = {
			isa = PBXFrameworksBuildPhase;
			buildActionMask = 2147483647;
			files = (
			);
			runOnlyForDeploymentPostprocessing = 0;
		};
/* End PBXFrameworksBuildPhase section */

/* Begin PBXGroup section */
		8424B7261F23BB6D003D57D8 = {
			isa = PBXGroup;
			children = (
				8424B7311F23BB6E003D57D8 /* Que Bom */,
				8424B7301F23BB6E003D57D8 /* Products */,
			);
			sourceTree = "<group>";
		};
		8424B7301F23BB6E003D57D8 /* Products */ = {
			isa = PBXGroup;
			children = (
				8424B72F1F23BB6E003D57D8 /* Que Bom.app */,
			);
			name = Products;
			sourceTree = "<group>";
		};
		8424B7311F23BB6E003D57D8 /* Que Bom */ = {
			isa = PBXGroup;
			children = (
				8424B7321F23BB6E003D57D8 /* AppDelegate.swift */,
				8424B7341F23BB6E003D57D8 /* MainViewController.swift */,
				8424B7361F23BB6E003D57D8 /* Main.storyboard */,
				8424B7391F23BB6E003D57D8 /* Assets.xcassets */,
				8424B73B1F23BB6E003D57D8 /* LaunchScreen.storyboard */,
				8424B73E1F23BB6E003D57D8 /* Info.plist */,
			);
			path = "Que Bom";
			sourceTree = "<group>";
		};
/* End PBXGroup section */

/* Begin PBXNativeTarget section */
		8424B72E1F23BB6E003D57D8 /* Que Bom */ = {
			isa = PBXNativeTarget;
			buildConfigurationList = 8424B7411F23BB6E003D57D8 /* Build configuration list for PBXNativeTarget "Que Bom" */;
			buildPhases = (
				8424B72B1F23BB6E003D57D8 /* Sources */,
				8424B72C1F23BB6E003D57D8 /* Frameworks */,
				8424B72D1F23BB6E003D57D8 /* Resources */,
			);
			buildRules = (
			);
			dependencies = (
			);
			name = "Que Bom";
			productName = "Que Bom";
			productReference = 8424B72F1F23BB6E003D57D8 /* Que Bom.app */;
			productType = "com.apple.product-type.application";
		};
/* End PBXNativeTarget section */

/* Begin PBXProject section */
		8424B7271F23BB6E003D57D8 /* Project object */ = {
			isa = PBXProject;
			attributes = {
				LastSwiftUpdateCheck = 0820;
				LastUpgradeCheck = 0820;
				ORGANIZATIONNAME = IFPB;
				TargetAttributes = {
					8424B72E1F23BB6E003D57D8 = {
						CreatedOnToolsVersion = 8.2.1;
						ProvisioningStyle = Automatic;
					};
				};
			};
			buildConfigurationList = 8424B72A1F23BB6E003D57D8 /* Build configuration list for PBXProject "Que Bom" */;
			compatibilityVersion = "Xcode 3.2";
			developmentRegion = English;
			hasScannedForEncodings = 0;
			knownRegions = (
				en,
				Base,
			);
			mainGroup = 8424B7261F23BB6D003D57D8;
			productRefGroup = 8424B7301F23BB6E003D57D8 /* Products */;
			projectDirPath = "";
			projectRoot = "";
			targets = (
				8424B72E1F23BB6E003D57D8 /* Que Bom */,
			);
		};
/* End PBXProject section */

/* Begin PBXResourcesBuildPhase section */
		8424B72D1F23BB6E003D57D8 /* Resources */ = {
			isa = PBXResourcesBuildPhase;
			buildActionMask = 2147483647;
			files = (
				8424B73D1F23BB6E003D57D8 /* LaunchScreen.storyboard in Resources */,
				8424B73A1F23BB6E003D57D8 /* Assets.xcassets in Resources */,
				8424B7381F23BB6E003D57D8 /* Main.storyboard in Resources */,
			);
			runOnlyForDeploymentPostprocessing = 0;
		};
/* End PBXResourcesBuildPhase section */

/* Begin PBXSourcesBuildPhase section */
		8424B72B1F23BB6E003D57D8 /* Sources */ = {
			isa = PBXSourcesBuildPhase;
			buildActionMask = 2147483647;
			files = (
				8424B7351F23BB6E003D57D8 /* MainViewController.swift in Sources */,
				8424B7331F23BB6E003D57D8 /* AppDelegate.swift in Sources */,
			);
			runOnlyForDeploymentPostprocessing = 0;
		};
/* End PBXSourcesBuildPhase section */

/* Begin PBXVariantGroup section */
		8424B7361F23BB6E003D57D8 /* Main.storyboard */ = {
			isa = PBXVariantGroup;
			children = (
				8424B7371F23BB6E003D57D8 /* Base */,
			);
			name = Main.storyboard;
			sourceTree = "<group>";
		};
		8424B73B1F23BB6E003D57D8 /* LaunchScreen.storyboard */ = {
			isa = PBXVariantGroup;
			children = (
				8424B73C1F23BB6E003D57D8 /* Base */,
			);
			name = LaunchScreen.storyboard;
			sourceTree = "<group>";
		};
/* End PBXVariantGroup section */

/* Begin XCBuildConfiguration section */
		8424B73F1F23BB6E003D57D8 /* Debug */ = {
			isa = XCBuildConfiguration;
			buildSettings = {
				ALWAYS_SEARCH_USER_PATHS = NO;
				CLANG_ANALYZER_NONNULL = YES;
				CLANG_CXX_LANGUAGE_STANDARD = "gnu++0x";
				CLANG_CXX_LIBRARY = "libc++";
				CLANG_ENABLE_MODULES = YES;
				CLANG_ENABLE_OBJC_ARC = YES;
				CLANG_WARN_BOOL_CONVERSION = YES;
				CLANG_WARN_CONSTANT_CONVERSION = YES;
				CLANG_WARN_DIRECT_OBJC_ISA_USAGE = YES_ERROR;
				CLANG_WARN_DOCUMENTATION_COMMENTS = YES;
				CLANG_WARN_EMPTY_BODY = YES;
				CLANG_WARN_ENUM_CONVERSION = YES;
				CLANG_WARN_INFINITE_RECURSION = YES;
				CLANG_WARN_INT_CONVERSION = YES;
				CLANG_WARN_OBJC_ROOT_CLASS = YES_ERROR;
				CLANG_WARN_SUSPICIOUS_MOVE = YES;
				CLANG_WARN_UNREACHABLE_CODE = YES;
				CLANG_WARN__DUPLICATE_METHOD_MATCH = YES;
				"CODE_SIGN_IDENTITY[sdk=iphoneos*]" = "iPhone Developer";
				COPY_PHASE_STRIP = NO;
				DEBUG_INFORMATION_FORMAT = dwarf;
				ENABLE_STRICT_OBJC_MSGSEND = YES;
				ENABLE_TESTABILITY = YES;
				GCC_C_LANGUAGE_STANDARD = gnu99;
				GCC_DYNAMIC_NO_PIC = NO;
				GCC_NO_COMMON_BLOCKS = YES;
				GCC_OPTIMIZATION_LEVEL = 0;
				GCC_PREPROCESSOR_DEFINITIONS = (
					"DEBUG=1",
					"$(inherited)",
				);
				GCC_WARN_64_TO_32_BIT_CONVERSION = YES;
				GCC_WARN_ABOUT_RETURN_TYPE = YES_ERROR;
				GCC_WARN_UNDECLARED_SELECTOR = YES;
				GCC_WARN_UNINITIALIZED_AUTOS = YES_AGGRESSIVE;
				GCC_WARN_UNUSED_FUNCTION = YES;
				GCC_WARN_UNUSED_VARIABLE = YES;
				IPHONEOS_DEPLOYMENT_TARGET = 10.2;
				MTL_ENABLE_DEBUG_INFO = YES;
				ONLY_ACTIVE_ARCH = YES;
				SDKROOT = iphoneos;
				SWIFT_ACTIVE_COMPILATION_CONDITIONS = DEBUG;
				SWIFT_OPTIMIZATION_LEVEL = "-Onone";
			};
			name = Debug;
		};
		8424B7401F23BB6E003D57D8 /* Release */ = {
			isa = XCBuildConfiguration;
			buildSettings = {
				ALWAYS_SEARCH_USER_PATHS = NO;
				CLANG_ANALYZER_NONNULL = YES;
				CLANG_CXX_LANGUAGE_STANDARD = "gnu++0x";
				CLANG_CXX_LIBRARY = "libc++";
				CLANG_ENABLE_MODULES = YES;
				CLANG_ENABLE_OBJC_ARC = YES;
				CLANG_WARN_BOOL_CONVERSION = YES;
				CLANG_WARN_CONSTANT_CONVERSION = YES;
				CLANG_WARN_DIRECT_OBJC_ISA_USAGE = YES_ERROR;
				CLANG_WARN_DOCUMENTATION_COMMENTS = YES;
				CLANG_WARN_EMPTY_BODY = YES;
				CLANG_WARN_ENUM_CONVERSION = YES;
				CLANG_WARN_INFINITE_RECURSION = YES;
				CLANG_WARN_INT_CONVERSION = YES;
				CLANG_WARN_OBJC_ROOT_CLASS = YES_ERROR;
				CLANG_WARN_SUSPICIOUS_MOVE = YES;
				CLANG_WARN_UNREACHABLE_CODE = YES;
				CLANG_WARN__DUPLICATE_METHOD_MATCH = YES;
				"CODE_SIGN_IDENTITY[sdk=iphoneos*]" = "iPhone Developer";
				COPY_PHASE_STRIP = NO;
				DEBUG_INFORMATION_FORMAT = "dwarf-with-dsym";
				ENABLE_NS_ASSERTIONS = NO;
				ENABLE_STRICT_OBJC_MSGSEND = YES;
				GCC_C_LANGUAGE_STANDARD = gnu99;
				GCC_NO_COMMON_BLOCKS = YES;
				GCC_WARN_64_TO_32_BIT_CONVERSION = YES;
				GCC_WARN_ABOUT_RETURN_TYPE = YES_ERROR;
				GCC_WARN_UNDECLARED_SELECTOR = YES;
				GCC_WARN_UNINITIALIZED_AUTOS = YES_AGGRESSIVE;
				GCC_WARN_UNUSED_FUNCTION = YES;
				GCC_WARN_UNUSED_VARIABLE = YES;
				IPHONEOS_DEPLOYMENT_TARGET = 10.2;
				MTL_ENABLE_DEBUG_INFO = NO;
				SDKROOT = iphoneos;
				SWIFT_OPTIMIZATION_LEVEL = "-Owholemodule";
				VALIDATE_PRODUCT = YES;
			};
			name = Release;
		};
		8424B7421F23BB6E003D57D8 /* Debug */ = {
			isa = XCBuildConfiguration;
			buildSettings = {
				ASSETCATALOG_COMPILER_APPICON_NAME = AppIcon;
				INFOPLIST_FILE = "Que Bom/Info.plist";
				LD_RUNPATH_SEARCH_PATHS = "$(inherited) @executable_path/Frameworks";
				PRODUCT_BUNDLE_IDENTIFIER = "br.edu.ifpb.si.pdm.Que-Bom";
				PRODUCT_NAME = "$(TARGET_NAME)";
				SWIFT_VERSION = 3.0;
			};
			name = Debug;
		};
		8424B7431F23BB6E003D57D8 /* Release */ = {
			isa = XCBuildConfiguration;
			buildSettings = {
				ASSETCATALOG_COMPILER_APPICON_NAME = AppIcon;
				INFOPLIST_FILE = "Que Bom/Info.plist";
				LD_RUNPATH_SEARCH_PATHS = "$(inherited) @executable_path/Frameworks";
				PRODUCT_BUNDLE_IDENTIFIER = "br.edu.ifpb.si.pdm.Que-Bom";
				PRODUCT_NAME = "$(TARGET_NAME)";
				SWIFT_VERSION = 3.0;
			};
			name = Release;
		};
/* End XCBuildConfiguration section */

/* Begin XCConfigurationList section */
		8424B72A1F23BB6E003D57D8 /* Build configuration list for PBXProject "Que Bom" */ = {
			isa = XCConfigurationList;
			buildConfigurations = (
				8424B73F1F23BB6E003D57D8 /* Debug */,
				8424B7401F23BB6E003D57D8 /* Release */,
			);
			defaultConfigurationIsVisible = 0;
			defaultConfigurationName = Release;
		};
		8424B7411F23BB6E003D57D8 /* Build configuration list for PBXNativeTarget "Que Bom" */ = {
			isa = XCConfigurationList;
			buildConfigurations = (
				8424B7421F23BB6E003D57D8 /* Debug */,
				8424B7431F23BB6E003D57D8 /* Release */,
			);
			defaultConfigurationIsVisible = 0;
		};
/* End XCConfigurationList section */
	};
	rootObject = 8424B7271F23BB6E003D57D8 /* Project object */;
}
